hash: e76408d08b6dc36ec61ff2064b69ecfcf811aa40fe7bf52c78369f7c5684f5be
updated: 2016-05-11T15:14:46.905382843-07:00
imports:
- name: github.com/aws/aws-sdk-go
  version: d621b01e9d7ef5dcecbc323939ed97f9862cd6fd
  subpackages:
  - aws
  - aws/session
  - service/dynamodb
  - service/dynamodb/dynamodbattribute
  - aws/awserr
  - aws/awsutil
  - aws/client
  - aws/client/metadata
  - aws/request
  - private/protocol/jsonrpc
  - private/signer/v4
  - private/waiter
  - aws/credentials
  - private/protocol/json/jsonutil
  - private/protocol/rest
  - private/protocol
- name: github.com/go-ini/ini
  version: 12f418cc7edc5a618a51407b7ac1f1f512139df3
- name: github.com/jmespath/go-jmespath
  version: 0b12d6b521d83fc7f755e7cfc1b1fbdd35a01a74
- name: github.com/negator/gotask
  version: 70aa793e61bdc17762417b33c1f9a32e8b6e609b
- name: github.com/stretchr/testify
  version: 6cb3b85ef5a0efef77caef88363ec4d4b5c0976d
devImports: []
